{
  "nodes": {
    "brew-src": {
      "flake": false,
      "locked": {
        "lastModified": 1763638478,
        "narHash": "sha256-n/IMowE9S23ovmTkKX7KhxXC2Yq41EAVFR2FBIXPcT8=",
        "owner": "Homebrew",
        "repo": "brew",
        "rev": "fbfdbaba008189499958a7aeb1e2c36ab10c067d",
        "type": "github"
      },
      "original": {
        "owner": "Homebrew",
        "ref": "5.0.3",
        "repo": "brew",
        "type": "github"
      }
    },
    "cpu-microcodes": {
      "flake": false,
      "locked": {
        "lastModified": 1766418802,
        "narHash": "sha256-s3VRbTEAKDStcrwrbzgI9Aar0VV1vTc7JSzxqBvQ05s=",
        "owner": "platomav",
        "repo": "CPUMicrocodes",
        "rev": "8bdf34aec2052ab12ae017eb21fe395f6329f6c4",
        "type": "github"
      },
      "original": {
        "owner": "platomav",
        "repo": "CPUMicrocodes",
        "rev": "8bdf34aec2052ab12ae017eb21fe395f6329f6c4",
        "type": "github"
      }
    },
    "flake-parts": {
      "inputs": {
        "nixpkgs-lib": "nixpkgs-lib"
      },
      "locked": {
        "lastModified": 1768135262,
        "narHash": "sha256-PVvu7OqHBGWN16zSi6tEmPwwHQ4rLPU9Plvs8/1TUBY=",
        "owner": "hercules-ci",
        "repo": "flake-parts",
        "rev": "80daad04eddbbf5a4d883996a73f3f542fa437ac",
        "type": "github"
      },
      "original": {
        "owner": "hercules-ci",
        "repo": "flake-parts",
        "type": "github"
      }
    },
    "home-manager": {
      "inputs": {
        "nixpkgs": [
          "nixpkgs"
        ]
      },
      "locked": {
        "lastModified": 1768798936,
        "narHash": "sha256-eHld4id3TeD9Sxx5vgv58BnTl1fz+ewIKspz/kEoAE8=",
        "owner": "nix-community",
        "repo": "home-manager",
        "rev": "2954aa29441a1a98901362e4d35515875761ad65",
        "type": "github"
      },
      "original": {
        "owner": "nix-community",
        "repo": "home-manager",
        "type": "github"
      }
    },
    "homebrew-cask": {
      "flake": false,
      "locked": {
        "lastModified": 1768799796,
        "narHash": "sha256-QPsuGcfk5AkjxVuZ80Bz0gRAvuab/65bDpD5N4VDWhY=",
        "owner": "homebrew",
        "repo": "homebrew-cask",
        "rev": "d0bc92173144260aa194cb7895be19e008524ed1",
        "type": "github"
      },
      "original": {
        "owner": "homebrew",
        "repo": "homebrew-cask",
        "type": "github"
      }
    },
    "homebrew-core": {
      "flake": false,
      "locked": {
        "lastModified": 1768803855,
        "narHash": "sha256-+f6h503+8UGSAsHgKbv2il2X1oTmc4fEnPVKCxqg07I=",
        "owner": "homebrew",
        "repo": "homebrew-core",
        "rev": "e1459f9275d6b4f794cd41e413ac81753fbdcdf4",
        "type": "github"
      },
      "original": {
        "owner": "homebrew",
        "repo": "homebrew-core",
        "type": "github"
      }
    },
    "nix-darwin": {
      "inputs": {
        "nixpkgs": [
          "nixpkgs"
        ]
      },
      "locked": {
        "lastModified": 1768764703,
        "narHash": "sha256-5ulSDyOG1U+1sJhkJHYsUOWEsmtLl97O0NTVMvgIVyc=",
        "owner": "lnl7",
        "repo": "nix-darwin",
        "rev": "0fc4e7ac670a0ed874abacf73c4b072a6a58064b",
        "type": "github"
      },
      "original": {
        "owner": "lnl7",
        "ref": "master",
        "repo": "nix-darwin",
        "type": "github"
      }
    },
    "nix-homebrew": {
      "inputs": {
        "brew-src": "brew-src"
      },
      "locked": {
        "lastModified": 1764473698,
        "narHash": "sha256-C91gPgv6udN5WuIZWNehp8qdLqlrzX6iF/YyboOj6XI=",
        "owner": "zhaofengli-wip",
        "repo": "nix-homebrew",
        "rev": "6a8ab60bfd66154feeaa1021fc3b32684814a62a",
        "type": "github"
      },
      "original": {
        "owner": "zhaofengli-wip",
        "repo": "nix-homebrew",
        "type": "github"
      }
    },
    "nix-index-database": {
      "inputs": {
        "nixpkgs": [
          "nixpkgs"
        ]
      },
      "locked": {
        "lastModified": 1765267181,
        "narHash": "sha256-d3NBA9zEtBu2JFMnTBqWj7Tmi7R5OikoU2ycrdhQEws=",
        "owner": "nix-community",
        "repo": "nix-index-database",
        "rev": "82befcf7dc77c909b0f2a09f5da910ec95c5b78f",
        "type": "github"
      },
      "original": {
        "owner": "nix-community",
        "repo": "nix-index-database",
        "type": "github"
      }
    },
    "nix-ld": {
      "inputs": {
        "nixpkgs": [
          "nixpkgs"
        ]
      },
      "locked": {
        "lastModified": 1768224538,
        "narHash": "sha256-EnlltFxfV4IyY0Jl4lri+9p2aR37tKIUAXwsQ+t0t/A=",
        "owner": "Mic92",
        "repo": "nix-ld",
        "rev": "087d8b8d593c4e7d919a571fd68552020d41a41a",
        "type": "github"
      },
      "original": {
        "owner": "Mic92",
        "repo": "nix-ld",
        "type": "github"
      }
    },
    "nixos-unified": {
      "locked": {
        "lastModified": 1764076447,
        "narHash": "sha256-dpkdOPPCWaFtDoxVAtVaprtPX6jGl8o30EBc1gWBOnQ=",
        "owner": "srid",
        "repo": "nixos-unified",
        "rev": "90171c6936a8332ede17e09e337a0e71f4e659b1",
        "type": "github"
      },
      "original": {
        "owner": "srid",
        "repo": "nixos-unified",
        "type": "github"
      }
    },
    "nixpkgs": {
      "locked": {
        "lastModified": 1768564909,
        "narHash": "sha256-Kell/SpJYVkHWMvnhqJz/8DqQg2b6PguxVWOuadbHCc=",
        "owner": "nixos",
        "repo": "nixpkgs",
        "rev": "e4bae1bd10c9c57b2cf517953ab70060a828ee6f",
        "type": "github"
      },
      "original": {
        "owner": "nixos",
        "ref": "nixos-unstable",
        "repo": "nixpkgs",
        "type": "github"
      }
    },
    "nixpkgs-lib": {
      "locked": {
        "lastModified": 1765674936,
        "narHash": "sha256-k00uTP4JNfmejrCLJOwdObYC9jHRrr/5M/a/8L2EIdo=",
        "owner": "nix-community",
        "repo": "nixpkgs.lib",
        "rev": "2075416fcb47225d9b68ac469a5c4801a9c4dd85",
        "type": "github"
      },
      "original": {
        "owner": "nix-community",
        "repo": "nixpkgs.lib",
        "type": "github"
      }
    },
    "nixpkgs-master": {
      "locked": {
        "lastModified": 1769876243,
        "narHash": "sha256-kMDy5Bb/ZaYnojpScbCFeybqESlYbtnZ/zHFDOWocKc=",
        "owner": "nixos",
        "repo": "nixpkgs",
        "rev": "9d9be189cfa073f87d435d18f129ee5e8e4467d3",
        "type": "github"
      },
      "original": {
        "owner": "nixos",
        "ref": "master",
        "repo": "nixpkgs",
        "type": "github"
      }
    },
    "nixpkgs-prev": {
      "locked": {
        "lastModified": 1720535198,
        "narHash": "sha256-zwVvxrdIzralnSbcpghA92tWu2DV2lwv89xZc8MTrbg=",
        "owner": "nixos",
        "repo": "nixpkgs",
        "rev": "205fd4226592cc83fd4c0885a3e4c9c400efabb5",
        "type": "github"
      },
      "original": {
        "owner": "nixos",
        "ref": "release-23.11",
        "repo": "nixpkgs",
        "type": "github"
      }
    },
    "nixpkgs-unstable": {
      "locked": {
        "lastModified": 1769461804,
        "narHash": "sha256-msG8SU5WsBUfVVa/9RPLaymvi5bI8edTavbIq3vRlhI=",
        "owner": "nixos",
        "repo": "nixpkgs",
        "rev": "bfc1b8a4574108ceef22f02bafcf6611380c100d",
        "type": "github"
      },
      "original": {
        "owner": "nixos",
        "ref": "nixos-unstable",
        "repo": "nixpkgs",
        "type": "github"
      }
    },
    "root": {
      "inputs": {
        "flake-parts": "flake-parts",
        "home-manager": "home-manager",
        "homebrew-cask": "homebrew-cask",
        "homebrew-core": "homebrew-core",
        "nix-darwin": "nix-darwin",
        "nix-homebrew": "nix-homebrew",
        "nix-index-database": "nix-index-database",
        "nix-ld": "nix-ld",
        "nixos-unified": "nixos-unified",
        "nixpkgs": "nixpkgs",
        "nixpkgs-master": "nixpkgs-master",
        "nixpkgs-prev": "nixpkgs-prev",
        "nixpkgs-unstable": "nixpkgs-unstable",
        "staging-next": "staging-next",
        "ucodenix": "ucodenix",
        "vimPlugins_blamer": "vimPlugins_blamer",
        "vimPlugins_lsp-inlayhints": "vimPlugins_lsp-inlayhints",
        "vimPlugins_mdx": "vimPlugins_mdx",
        "vimPlugins_opencode": "vimPlugins_opencode",
        "vimPlugins_rainbow-csv": "vimPlugins_rainbow-csv",
        "vimPlugins_twoslash-queries": "vimPlugins_twoslash-queries",
        "vimPlugins_vim-maximizer": "vimPlugins_vim-maximizer"
      }
    },
    "staging-next": {
      "locked": {
        "lastModified": 1769861271,
        "narHash": "sha256-MN+92iMaQnsNid5t/NImWK7Hu4/LuUOMVuTZOpPHDY8=",
        "owner": "nixos",
        "repo": "nixpkgs",
        "rev": "157dd319c2269fa99ca508b497ddc8b9cf5b59e9",
        "type": "github"
      },
      "original": {
        "owner": "nixos",
        "ref": "staging-next",
        "repo": "nixpkgs",
        "type": "github"
      }
    },
    "ucodenix": {
      "inputs": {
        "cpu-microcodes": "cpu-microcodes"
      },
      "locked": {
        "lastModified": 1767037051,
        "narHash": "sha256-GXD8yA1A0S+KH6f9D6jDE/G0/NUEtOAf/Z2c1ZWrsJk=",
        "owner": "e-tho",
        "repo": "ucodenix",
        "rev": "8ea2a75e3e46c4268fc55dba197bfd95fd6c2896",
        "type": "github"
      },
      "original": {
        "owner": "e-tho",
        "repo": "ucodenix",
        "type": "github"
      }
    },
    "vimPlugins_blamer": {
      "flake": false,
      "locked": {
        "lastModified": 1695113151,
        "narHash": "sha256-e1gQiJugFnb9RyksF7RR4WIR/4PIWbgADltTIAb4COU=",
        "owner": "APZelos",
        "repo": "blamer.nvim",
        "rev": "e0d43c11697300eb68f00d69df8b87deb0bf52dc",
        "type": "github"
      },
      "original": {
        "owner": "APZelos",
        "repo": "blamer.nvim",
        "type": "github"
      }
    },
    "vimPlugins_lsp-inlayhints": {
      "flake": false,
      "locked": {
        "lastModified": 1686236485,
        "narHash": "sha256-06CiJ+xeMO4+OJkckcslqwloJyt2gwg514JuxV6KOfQ=",
        "owner": "lvimuser",
        "repo": "lsp-inlayhints.nvim",
        "rev": "d981f65c9ae0b6062176f0accb9c151daeda6f16",
        "type": "github"
      },
      "original": {
        "owner": "lvimuser",
        "repo": "lsp-inlayhints.nvim",
        "type": "github"
      }
    },
    "vimPlugins_mdx": {
      "flake": false,
      "locked": {
        "lastModified": 1764953110,
        "narHash": "sha256-QaPYSTH59j8tUa5rTY8I9VdQWLkhy8SWhNigEXHFn1c=",
        "owner": "davidmh",
        "repo": "mdx.nvim",
        "rev": "30222997ed4c0c7cc7447c4fce360fce87101bbf",
        "type": "github"
      },
      "original": {
        "owner": "davidmh",
        "repo": "mdx.nvim",
        "type": "github"
      }
    },
    "vimPlugins_opencode": {
      "flake": false,
      "locked": {
        "lastModified": 1769613755,
        "narHash": "sha256-wVZYTjvr9eN5RXiDnqq+t4rtozjqiMv15tRnKaQy9YU=",
        "owner": "nickjvandyke",
        "repo": "opencode.nvim",
        "rev": "849a5f63514667e63318521330f28acaf13a4125",
        "type": "github"
      },
      "original": {
        "owner": "nickjvandyke",
        "repo": "opencode.nvim",
        "type": "github"
      }
    },
    "vimPlugins_rainbow-csv": {
      "flake": false,
      "locked": {
        "lastModified": 1720149608,
        "narHash": "sha256-Zf9VdRu/OF9h4AffOSAdM/Ypnla2wUp/iho3CV2YsH0=",
        "owner": "mechatroner",
        "repo": "rainbow_csv",
        "rev": "3dbbfd7d17536aebfb80f571255548495574c32b",
        "type": "github"
      },
      "original": {
        "owner": "mechatroner",
        "repo": "rainbow_csv",
        "rev": "3dbbfd7d17536aebfb80f571255548495574c32b",
        "type": "github"
      }
    },
    "vimPlugins_twoslash-queries": {
      "flake": false,
      "locked": {
        "lastModified": 1719351982,
        "narHash": "sha256-YGFRbceYFswAbiOrMCx8ynEkQ45MkSOm0LHccYXyuXM=",
        "owner": "marilari88",
        "repo": "twoslash-queries.nvim",
        "rev": "b92622c7b71eceefabd02eef24236041069904b1",
        "type": "github"
      },
      "original": {
        "owner": "marilari88",
        "repo": "twoslash-queries.nvim",
        "rev": "b92622c7b71eceefabd02eef24236041069904b1",
        "type": "github"
      }
    },
    "vimPlugins_vim-maximizer": {
      "flake": false,
      "locked": {
        "lastModified": 1440196645,
        "narHash": "sha256-+VPcMn4NuxLRpY1nXz7APaXlRQVZD3Y7SprB/hvNKww=",
        "owner": "szw",
        "repo": "vim-maximizer",
        "rev": "2e54952fe91e140a2e69f35f22131219fcd9c5f1",
        "type": "github"
      },
      "original": {
        "owner": "szw",
        "repo": "vim-maximizer",
        "type": "github"
      }
    }
  },
  "root": "root",
  "version": 7
}
